// !$*UTF8*$!
{
	archiveVersion = 1;
	classes = {
	};
	objectVersion = 48;
	objects = {

/* Begin PBXBuildFile section */
		CF028E291FBC676D00004EB4 /* output.mp4 in Resources */ = {isa = PBXBuildFile; fileRef = CF028E281FBBAF1C00004EB4 /* output.mp4 */; };
		CF028E2B1FBC6D0400004EB4 /* IMG_1505.MOV in Resources */ = {isa = PBXBuildFile; fileRef = CF028E2A1FBC6D0400004EB4 /* IMG_1505.MOV */; };
		CF2C59871FBCBA9D00F61678 /* output1.mp4 in Resources */ = {isa = PBXBuildFile; fileRef = CF2C59831FBCAF4E00F61678 /* output1.mp4 */; };
		CF2C59881FBCBA9D00F61678 /* output2.mp4 in Resources */ = {isa = PBXBuildFile; fileRef = CF2C59841FBCB12700F61678 /* output2.mp4 */; };
		CF2C59891FBCBA9D00F61678 /* output3.mp4 in Resources */ = {isa = PBXBuildFile; fileRef = CF2C59851FBCB1E700F61678 /* output3.mp4 */; };
		CF2C598A1FBCBA9D00F61678 /* output4.mp4 in Resources */ = {isa = PBXBuildFile; fileRef = CF2C59861FBCB28500F61678 /* output4.mp4 */; };
		CF9021121FB486FB00768FBD /* AVFoundation.framework in Frameworks */ = {isa = PBXBuildFile; fileRef = CF90CC161FB245F000D1EB63 /* AVFoundation.framework */; };
		CF9021141FB4871600768FBD /* AVKit.framework in Frameworks */ = {isa = PBXBuildFile; fileRef = CF9021131FB4870800768FBD /* AVKit.framework */; };
		CF90CC011FB245C700D1EB63 /* AppDelegate.m in Sources */ = {isa = PBXBuildFile; fileRef = CF90CC001FB245C700D1EB63 /* AppDelegate.m */; };
		CF90CC041FB245C700D1EB63 /* ViewController.m in Sources */ = {isa = PBXBuildFile; fileRef = CF90CC031FB245C700D1EB63 /* ViewController.m */; };
		CF90CC071FB245C700D1EB63 /* Main.storyboard in Resources */ = {isa = PBXBuildFile; fileRef = CF90CC051FB245C700D1EB63 /* Main.storyboard */; };
		CF90CC091FB245C700D1EB63 /* Assets.xcassets in Resources */ = {isa = PBXBuildFile; fileRef = CF90CC081FB245C700D1EB63 /* Assets.xcassets */; };
		CF90CC0C1FB245C700D1EB63 /* LaunchScreen.storyboard in Resources */ = {isa = PBXBuildFile; fileRef = CF90CC0A1FB245C700D1EB63 /* LaunchScreen.storyboard */; };
		CF90CC0F1FB245C700D1EB63 /* main.m in Sources */ = {isa = PBXBuildFile; fileRef = CF90CC0E1FB245C700D1EB63 /* main.m */; };
		CF90CC181FB247D900D1EB63 /* ClapSound.m4a in Resources */ = {isa = PBXBuildFile; fileRef = CF90CC171FB2479800D1EB63 /* ClapSound.m4a */; };
		CF90CC1A1FB24E3B00D1EB63 /* HitTestVideo.mp4 in Resources */ = {isa = PBXBuildFile; fileRef = CF90CC191FB24DF400D1EB63 /* HitTestVideo.mp4 */; };
/* End PBXBuildFile section */

/* Begin PBXFileReference section */
		CF028E281FBBAF1C00004EB4 /* output.mp4 */ = {isa = PBXFileReference; lastKnownFileType = file; name = output.mp4; path = ../../QuantDoctorApp/QuantDoctorApp/output.mp4; sourceTree = "<group>"; };
		CF028E2A1FBC6D0400004EB4 /* IMG_1505.MOV */ = {isa = PBXFileReference; lastKnownFileType = video.quicktime; path = IMG_1505.MOV; sourceTree = "<group>"; };
		CF2C59831FBCAF4E00F61678 /* output1.mp4 */ = {isa = PBXFileReference; lastKnownFileType = file; path = output1.mp4; sourceTree = "<group>"; };
		CF2C59841FBCB12700F61678 /* output2.mp4 */ = {isa = PBXFileReference; lastKnownFileType = file; path = output2.mp4; sourceTree = "<group>"; };
		CF2C59851FBCB1E700F61678 /* output3.mp4 */ = {isa = PBXFileReference; lastKnownFileType = file; path = output3.mp4; sourceTree = "<group>"; };
		CF2C59861FBCB28500F61678 /* output4.mp4 */ = {isa = PBXFileReference; lastKnownFileType = file; path = output4.mp4; sourceTree = "<group>"; };
		CF9021131FB4870800768FBD /* AVKit.framework */ = {isa = PBXFileReference; lastKnownFileType = wrapper.framework; name = AVKit.framework; path = System/Library/Frameworks/AVKit.framework; sourceTree = SDKROOT; };
		CF90CBFC1FB245C700D1EB63 /* ReadAudio_AVAssetReader.app */ = {isa = PBXFileReference; explicitFileType = wrapper.application; includeInIndex = 0; path = ReadAudio_AVAssetReader.app; sourceTree = BUILT_PRODUCTS_DIR; };
		CF90CBFF1FB245C700D1EB63 /* AppDelegate.h */ = {isa = PBXFileReference; lastKnownFileType = sourcecode.c.h; path = AppDelegate.h; sourceTree = "<group>"; };
		CF90CC001FB245C700D1EB63 /* AppDelegate.m */ = {isa = PBXFileReference; lastKnownFileType = sourcecode.c.objc; path = AppDelegate.m; sourceTree = "<group>"; };
		CF90CC021FB245C700D1EB63 /* ViewController.h */ = {isa = PBXFileReference; lastKnownFileType = sourcecode.c.h; path = ViewController.h; sourceTree = "<group>"; };
		CF90CC031FB245C700D1EB63 /* ViewController.m */ = {isa = PBXFileReference; lastKnownFileType = sourcecode.c.objc; path = ViewController.m; sourceTree = "<group>"; };
		CF90CC061FB245C700D1EB63 /* Base */ = {isa = PBXFileReference; lastKnownFileType = file.storyboard; name = Base; path = Base.lproj/Main.storyboard; sourceTree = "<group>"; };
		CF90CC081FB245C700D1EB63 /* Assets.xcassets */ = {isa = PBXFileReference; lastKnownFileType = folder.assetcatalog; path = Assets.xcassets; sourceTree = "<group>"; };
		CF90CC0B1FB245C700D1EB63 /* Base */ = {isa = PBXFileReference; lastKnownFileType = file.storyboard; name = Base; path = Base.lproj/LaunchScreen.storyboard; sourceTree = "<group>"; };
		CF90CC0D1FB245C700D1EB63 /* Info.plist */ = {isa = PBXFileReference; lastKnownFileType = text.plist.xml; path = Info.plist; sourceTree = "<group>"; };
		CF90CC0E1FB245C700D1EB63 /* main.m */ = {isa = PBXFileReference; lastKnownFileType = sourcecode.c.objc; path = main.m; sourceTree = "<group>"; };
		CF90CC161FB245F000D1EB63 /* AVFoundation.framework */ = {isa = PBXFileReference; lastKnownFileType = wrapper.framework; name = AVFoundation.framework; path = System/Library/Frameworks/AVFoundation.framework; sourceTree = SDKROOT; };
		CF90CC171FB2479800D1EB63 /* ClapSound.m4a */ = {isa = PBXFileReference; lastKnownFileType = file; path = ClapSound.m4a; sourceTree = "<group>"; };
		CF90CC191FB24DF400D1EB63 /* HitTestVideo.mp4 */ = {isa = PBXFileReference; lastKnownFileType = file; path = HitTestVideo.mp4; sourceTree = "<group>"; };
/* End PBXFileReference section */

/* Begin PBXFrameworksBuildPhase section */
		CF90CBF91FB245C700D1EB63 /* Frameworks */ = {
			isa = PBXFrameworksBuildPhase;
			buildActionMask = 2147483647;
			files = (
				CF9021141FB4871600768FBD /* AVKit.framework in Frameworks */,
				CF9021121FB486FB00768FBD /* AVFoundation.framework in Frameworks */,
			);
			runOnlyForDeploymentPostprocessing = 0;
		};
/* End PBXFrameworksBuildPhase section */

/* Begin PBXGroup section */
		CF90CBF31FB245C700D1EB63 = {
			isa = PBXGroup;
			children = (
				CF90CBFE1FB245C700D1EB63 /* ReadAudio_AVAssetReader */,
				CF90CBFD1FB245C700D1EB63 /* Products */,
				CF90CC151FB245F000D1EB63 /* Frameworks */,
			);
			sourceTree = "<group>";
		};
		CF90CBFD1FB245C700D1EB63 /* Products */ = {
			isa = PBXGroup;
			children = (
				CF90CBFC1FB245C700D1EB63 /* ReadAudio_AVAssetReader.app */,
			);
			name = Products;
			sourceTree = "<group>";
		};
		CF90CBFE1FB245C700D1EB63 /* ReadAudio_AVAssetReader */ = {
			isa = PBXGroup;
			children = (
				CF90CC171FB2479800D1EB63 /* ClapSound.m4a */,
				CF028E2A1FBC6D0400004EB4 /* IMG_1505.MOV */,
				CF90CC191FB24DF400D1EB63 /* HitTestVideo.mp4 */,
				CF028E281FBBAF1C00004EB4 /* output.mp4 */,
				CF2C59831FBCAF4E00F61678 /* output1.mp4 */,
				CF2C59841FBCB12700F61678 /* output2.mp4 */,
				CF2C59851FBCB1E700F61678 /* output3.mp4 */,
				CF2C59861FBCB28500F61678 /* output4.mp4 */,
				CF90CBFF1FB245C700D1EB63 /* AppDelegate.h */,
				CF90CC001FB245C700D1EB63 /* AppDelegate.m */,
				CF90CC021FB245C700D1EB63 /* ViewController.h */,
				CF90CC031FB245C700D1EB63 /* ViewController.m */,
				CF90CC051FB245C700D1EB63 /* Main.storyboard */,
				CF90CC081FB245C700D1EB63 /* Assets.xcassets */,
				CF90CC0A1FB245C700D1EB63 /* LaunchScreen.storyboard */,
				CF90CC0D1FB245C700D1EB63 /* Info.plist */,
				CF90CC0E1FB245C700D1EB63 /* main.m */,
			);
			path = ReadAudio_AVAssetReader;
			sourceTree = "<group>";
		};
		CF90CC151FB245F000D1EB63 /* Frameworks */ = {
			isa = PBXGroup;
			children = (
				CF9021131FB4870800768FBD /* AVKit.framework */,
				CF90CC161FB245F000D1EB63 /* AVFoundation.framework */,
			);
			name = Frameworks;
			sourceTree = "<group>";
		};
/* End PBXGroup section */

/* Begin PBXNativeTarget section */
		CF90CBFB1FB245C700D1EB63 /* ReadAudio_AVAssetReader */ = {
			isa = PBXNativeTarget;
			buildConfigurationList = CF90CC121FB245C700D1EB63 /* Build configuration list for PBXNativeTarget "ReadAudio_AVAssetReader" */;
			buildPhases = (
				CF90CBF81FB245C700D1EB63 /* Sources */,
				CF90CBF91FB245C700D1EB63 /* Frameworks */,
				CF90CBFA1FB245C700D1EB63 /* Resources */,
			);
			buildRules = (
			);
			dependencies = (
			);
			name = ReadAudio_AVAssetReader;
			productName = ReadAudio_AVAssetReader;
			productReference = CF90CBFC1FB245C700D1EB63 /* ReadAudio_AVAssetReader.app */;
			productType = "com.apple.product-type.application";
		};
/* End PBXNativeTarget section */

/* Begin PBXProject section */
		CF90CBF41FB245C700D1EB63 /* Project object */ = {
			isa = PBXProject;
			attributes = {
				LastUpgradeCheck = 0910;
				ORGANIZATIONNAME = "Hitting Tech";
				TargetAttributes = {
					CF90CBFB1FB245C700D1EB63 = {
						CreatedOnToolsVersion = 9.1;
						ProvisioningStyle = Automatic;
					};
				};
			};
			buildConfigurationList = CF90CBF71FB245C700D1EB63 /* Build configuration list for PBXProject "ReadAudio_AVAssetReader" */;
			compatibilityVersion = "Xcode 8.0";
			developmentRegion = en;
			hasScannedForEncodings = 0;
			knownRegions = (
				en,
				Base,
			);
			mainGroup = CF90CBF31FB245C700D1EB63;
			productRefGroup = CF90CBFD1FB245C700D1EB63 /* Products */;
			projectDirPath = "";
			projectRoot = "";
			targets = (
				CF90CBFB1FB245C700D1EB63 /* ReadAudio_AVAssetReader */,
			);
		};
/* End PBXProject section */

/* Begin PBXResourcesBuildPhase section */
		CF90CBFA1FB245C700D1EB63 /* Resources */ = {
			isa = PBXResourcesBuildPhase;
			buildActionMask = 2147483647;
			files = (
				CF2C59871FBCBA9D00F61678 /* output1.mp4 in Resources */,
				CF2C59881FBCBA9D00F61678 /* output2.mp4 in Resources */,
				CF2C59891FBCBA9D00F61678 /* output3.mp4 in Resources */,
				CF2C598A1FBCBA9D00F61678 /* output4.mp4 in Resources */,
				CF028E291FBC676D00004EB4 /* output.mp4 in Resources */,
				CF90CC1A1FB24E3B00D1EB63 /* HitTestVideo.mp4 in Resources */,
				CF90CC181FB247D900D1EB63 /* ClapSound.m4a in Resources */,
				CF028E2B1FBC6D0400004EB4 /* IMG_1505.MOV in Resources */,
				CF90CC0C1FB245C700D1EB63 /* LaunchScreen.storyboard in Resources */,
				CF90CC091FB245C700D1EB63 /* Assets.xcassets in Resources */,
				CF90CC071FB245C700D1EB63 /* Main.storyboard in Resources */,
			);
			runOnlyForDeploymentPostprocessing = 0;
		};
/* End PBXResourcesBuildPhase section */

/* Begin PBXSourcesBuildPhase section */
		CF90CBF81FB245C700D1EB63 /* Sources */ = {
			isa = PBXSourcesBuildPhase;
			buildActionMask = 2147483647;
			files = (
				CF90CC041FB245C700D1EB63 /* ViewController.m in Sources */,
				CF90CC0F1FB245C700D1EB63 /* main.m in Sources */,
				CF90CC011FB245C700D1EB63 /* AppDelegate.m in Sources */,
			);
			runOnlyForDeploymentPostprocessing = 0;
		};
/* End PBXSourcesBuildPhase section */

/* Begin PBXVariantGroup section */
		CF90CC051FB245C700D1EB63 /* Main.storyboard */ = {
			isa = PBXVariantGroup;
			children = (
				CF90CC061FB245C700D1EB63 /* Base */,
			);
			name = Main.storyboard;
			sourceTree = "<group>";
		};
		CF90CC0A1FB245C700D1EB63 /* LaunchScreen.storyboard */ = {
			isa = PBXVariantGroup;
			children = (
				CF90CC0B1FB245C700D1EB63 /* Base */,
			);
			name = LaunchScreen.storyboard;
			sourceTree = "<group>";
		};
/* End PBXVariantGroup section */

/* Begin XCBuildConfiguration section */
		CF90CC101FB245C700D1EB63 /* Debug */ = {
			isa = XCBuildConfiguration;
			buildSettings = {
				ALWAYS_SEARCH_USER_PATHS = NO;
				CLANG_ANALYZER_NONNULL = YES;
				CLANG_ANALYZER_NUMBER_OBJECT_CONVERSION = YES_AGGRESSIVE;
				CLANG_CXX_LANGUAGE_STANDARD = "gnu++14";
				CLANG_CXX_LIBRARY = "libc++";
				CLANG_ENABLE_MODULES = YES;
				CLANG_ENABLE_OBJC_ARC = YES;
				CLANG_WARN_BLOCK_CAPTURE_AUTORELEASING = YES;
				CLANG_WARN_BOOL_CONVERSION = YES;
				CLANG_WARN_COMMA = YES;
				CLANG_WARN_CONSTANT_CONVERSION = YES;
				CLANG_WARN_DIRECT_OBJC_ISA_USAGE = YES_ERROR;
				CLANG_WARN_DOCUMENTATION_COMMENTS = YES;
				CLANG_WARN_EMPTY_BODY = YES;
				CLANG_WARN_ENUM_CONVERSION = YES;
				CLANG_WARN_INFINITE_RECURSION = YES;
				CLANG_WARN_INT_CONVERSION = YES;
				CLANG_WARN_NON_LITERAL_NULL_CONVERSION = YES;
				CLANG_WARN_OBJC_LITERAL_CONVERSION = YES;
				CLANG_WARN_OBJC_ROOT_CLASS = YES_ERROR;
				CLANG_WARN_RANGE_LOOP_ANALYSIS = YES;
				CLANG_WARN_STRICT_PROTOTYPES = YES;
				CLANG_WARN_SUSPICIOUS_MOVE = YES;
				CLANG_WARN_UNGUARDED_AVAILABILITY = YES_AGGRESSIVE;
				CLANG_WARN_UNREACHABLE_CODE = YES;
				CLANG_WARN__DUPLICATE_METHOD_MATCH = YES;
				CODE_SIGN_IDENTITY = "iPhone Developer";
				COPY_PHASE_STRIP = NO;
				DEBUG_INFORMATION_FORMAT = dwarf;
				ENABLE_STRICT_OBJC_MSGSEND = YES;
				ENABLE_TESTABILITY = YES;
				GCC_C_LANGUAGE_STANDARD = gnu11;
				GCC_DYNAMIC_NO_PIC = NO;
				GCC_NO_COMMON_BLOCKS = YES;
				GCC_OPTIMIZATION_LEVEL = 0;
				GCC_PREPROCESSOR_DEFINITIONS = (
					"DEBUG=1",
					"$(inherited)",
				);
				GCC_WARN_64_TO_32_BIT_CONVERSION = YES;
				GCC_WARN_ABOUT_RETURN_TYPE = YES_ERROR;
				GCC_WARN_UNDECLARED_SELECTOR = YES;
				GCC_WARN_UNINITIALIZED_AUTOS = YES_AGGRESSIVE;
				GCC_WARN_UNUSED_FUNCTION = YES;
				GCC_WARN_UNUSED_VARIABLE = YES;
				IPHONEOS_DEPLOYMENT_TARGET = 11.1;
				MTL_ENABLE_DEBUG_INFO = YES;
				ONLY_ACTIVE_ARCH = YES;
				SDKROOT = iphoneos;
			};
			name = Debug;
		};
		CF90CC111FB245C700D1EB63 /* Release */ = {
			isa = XCBuildConfiguration;
			buildSettings = {
				ALWAYS_SEARCH_USER_PATHS = NO;
				CLANG_ANALYZER_NONNULL = YES;
				CLANG_ANALYZER_NUMBER_OBJECT_CONVERSION = YES_AGGRESSIVE;
				CLANG_CXX_LANGUAGE_STANDARD = "gnu++14";
				CLANG_CXX_LIBRARY = "libc++";
				CLANG_ENABLE_MODULES = YES;
				CLANG_ENABLE_OBJC_ARC = YES;
				CLANG_WARN_BLOCK_CAPTURE_AUTORELEASING = YES;
				CLANG_WARN_BOOL_CONVERSION = YES;
				CLANG_WARN_COMMA = YES;
				CLANG_WARN_CONSTANT_CONVERSION = YES;
				CLANG_WARN_DIRECT_OBJC_ISA_USAGE = YES_ERROR;
				CLANG_WARN_DOCUMENTATION_COMMENTS = YES;
				CLANG_WARN_EMPTY_BODY = YES;
				CLANG_WARN_ENUM_CONVERSION = YES;
				CLANG_WARN_INFINITE_RECURSION = YES;
				CLANG_WARN_INT_CONVERSION = YES;
				CLANG_WARN_NON_LITERAL_NULL_CONVERSION = YES;
				CLANG_WARN_OBJC_LITERAL_CONVERSION = YES;
				CLANG_WARN_OBJC_ROOT_CLASS = YES_ERROR;
				CLANG_WARN_RANGE_LOOP_ANALYSIS = YES;
				CLANG_WARN_STRICT_PROTOTYPES = YES;
				CLANG_WARN_SUSPICIOUS_MOVE = YES;
				CLANG_WARN_UNGUARDED_AVAILABILITY = YES_AGGRESSIVE;
				CLANG_WARN_UNREACHABLE_CODE = YES;
				CLANG_WARN__DUPLICATE_METHOD_MATCH = YES;
				CODE_SIGN_IDENTITY = "iPhone Developer";
				COPY_PHASE_STRIP = NO;
				DEBUG_INFORMATION_FORMAT = "dwarf-with-dsym";
				ENABLE_NS_ASSERTIONS = NO;
				ENABLE_STRICT_OBJC_MSGSEND = YES;
				GCC_C_LANGUAGE_STANDARD = gnu11;
				GCC_NO_COMMON_BLOCKS = YES;
				GCC_WARN_64_TO_32_BIT_CONVERSION = YES;
				GCC_WARN_ABOUT_RETURN_TYPE = YES_ERROR;
				GCC_WARN_UNDECLARED_SELECTOR = YES;
				GCC_WARN_UNINITIALIZED_AUTOS = YES_AGGRESSIVE;
				GCC_WARN_UNUSED_FUNCTION = YES;
				GCC_WARN_UNUSED_VARIABLE = YES;
				IPHONEOS_DEPLOYMENT_TARGET = 11.1;
				MTL_ENABLE_DEBUG_INFO = NO;
				SDKROOT = iphoneos;
				VALIDATE_PRODUCT = YES;
			};
			name = Release;
		};
		CF90CC131FB245C700D1EB63 /* Debug */ = {
			isa = XCBuildConfiguration;
			buildSettings = {
				ASSETCATALOG_COMPILER_APPICON_NAME = AppIcon;
				CODE_SIGN_STYLE = Automatic;
				DEVELOPMENT_TEAM = ZKJXX63JE7;
				INFOPLIST_FILE = ReadAudio_AVAssetReader/Info.plist;
				IPHONEOS_DEPLOYMENT_TARGET = 11.0;
				LD_RUNPATH_SEARCH_PATHS = "$(inherited) @executable_path/Frameworks";
				PRODUCT_BUNDLE_IDENTIFIER = "HittingTech.ReadAudio-AVAssetReader";
				PRODUCT_NAME = "$(TARGET_NAME)";
				TARGETED_DEVICE_FAMILY = "1,2";
			};
			name = Debug;
		};
		CF90CC141FB245C700D1EB63 /* Release */ = {
			isa = XCBuildConfiguration;
			buildSettings = {
				ASSETCATALOG_COMPILER_APPICON_NAME = AppIcon;
				CODE_SIGN_STYLE = Automatic;
				DEVELOPMENT_TEAM = ZKJXX63JE7;
				INFOPLIST_FILE = ReadAudio_AVAssetReader/Info.plist;
				IPHONEOS_DEPLOYMENT_TARGET = 11.0;
				LD_RUNPATH_SEARCH_PATHS = "$(inherited) @executable_path/Frameworks";
				PRODUCT_BUNDLE_IDENTIFIER = "HittingTech.ReadAudio-AVAssetReader";
				PRODUCT_NAME = "$(TARGET_NAME)";
				TARGETED_DEVICE_FAMILY = "1,2";
			};
			name = Release;
		};
/* End XCBuildConfiguration section */

/* Begin XCConfigurationList section */
		CF90CBF71FB245C700D1EB63 /* Build configuration list for PBXProject "ReadAudio_AVAssetReader" */ = {
			isa = XCConfigurationList;
			buildConfigurations = (
				CF90CC101FB245C700D1EB63 /* Debug */,
				CF90CC111FB245C700D1EB63 /* Release */,
			);
			defaultConfigurationIsVisible = 0;
			defaultConfigurationName = Release;
		};
		CF90CC121FB245C700D1EB63 /* Build configuration list for PBXNativeTarget "ReadAudio_AVAssetReader" */ = {
			isa = XCConfigurationList;
			buildConfigurations = (
				CF90CC131FB245C700D1EB63 /* Debug */,
				CF90CC141FB245C700D1EB63 /* Release */,
			);
			defaultConfigurationIsVisible = 0;
			defaultConfigurationName = Release;
		};
/* End XCConfigurationList section */
	};
	rootObject = CF90CBF41FB245C700D1EB63 /* Project object */;
}
